{
  "nodes": {
    "comma-repo": {
      "flake": false,
      "locked": {
        "lastModified": 1588170489,
        "narHash": "sha256-IT7zlcM1Oh4sWeCJ1m4NkteuajPxTnNo1tbitG0eqlg=",
        "owner": "Shopify",
        "repo": "comma",
        "rev": "4a62ec17e20ce0e738a8e5126b4298a73903b468",
        "type": "github"
      },
      "original": {
        "owner": "Shopify",
        "repo": "comma",
        "type": "github"
      }
    },
    "homelab-config": {
      "inputs": {
        "nixos-generators": "nixos-generators",
        "nixpkgs": "nixpkgs_2"
      },
      "locked": {
        "lastModified": 1631635595,
        "narHash": "sha256-KZzIZzuzccGuQWhetTLIXTECzslQ24utvHGEmOo1KGo=",
        "owner": "jali-clarke",
        "repo": "homelab-config",
        "rev": "379d38cd3309ffe8bbeef5fc43d485bee7bb281e",
        "type": "github"
      },
      "original": {
        "owner": "jali-clarke",
        "repo": "homelab-config",
        "type": "github"
      }
    },
    "nixos-generators": {
      "inputs": {
        "nixpkgs": "nixpkgs"
      },
      "locked": {
        "lastModified": 1613307374,
        "narHash": "sha256-iQh1DM1myNm5sTO8Jp3geYzQxMLr1hL6Yam8LHPZiJk=",
        "owner": "nix-community",
        "repo": "nixos-generators",
        "rev": "537b572d3ab1549b26801ba2d5fc023fab963747",
        "type": "github"
      },
      "original": {
        "owner": "nix-community",
        "repo": "nixos-generators",
        "type": "github"
      }
    },
    "nixpkgs": {
      "locked": {
        "lastModified": 1612916640,
        "narHash": "sha256-VqMq/cs+9Bcc/DY7JIXlRHvwg7xRqLSntscWcMCKg/8=",
        "owner": "NixOS",
        "repo": "nixpkgs",
        "rev": "66e66b9d481386f4c7a6b998f32ce794af0182ae",
        "type": "github"
      },
      "original": {
        "owner": "NixOS",
        "ref": "nixpkgs-unstable",
        "repo": "nixpkgs",
        "type": "github"
      }
    },
    "nixpkgs_2": {
      "locked": {
        "lastModified": 1615837777,
        "narHash": "sha256-yEkSjTDb6ZnAcIl2Ld+qibSTiaoUz5OZ9JpgZGzlY9k=",
        "owner": "nixos",
        "repo": "nixpkgs",
        "rev": "c00c67653a5008f926add91798c7cffa201aa2bb",
        "type": "github"
      },
      "original": {
        "owner": "nixos",
        "repo": "nixpkgs",
        "type": "github"
      }
    },
    "nixpkgs_3": {
      "locked": {
        "lastModified": 1632577659,
        "narHash": "sha256-86O8bpXulJinYgW/ub6D4QoCVf8LGkNLb6g548cr3DU=",
        "owner": "NixOS",
        "repo": "nixpkgs",
        "rev": "88aaa95bfe74a1bb24ade8bea9828aea90050d63",
        "type": "github"
      },
      "original": {
        "owner": "NixOS",
        "repo": "nixpkgs",
        "type": "github"
      }
    },
    "root": {
      "inputs": {
        "comma-repo": "comma-repo",
        "homelab-config": "homelab-config",
        "nixpkgs": "nixpkgs_3"
      }
    }
  },
  "root": "root",
  "version": 7
}
