{
  "nodes": {
    "agenix": {
      "inputs": {
        "nixpkgs": [
          "homelab-config",
          "homelab-secrets",
          "nixpkgs"
        ]
      },
      "locked": {
        "lastModified": 1641576265,
        "narHash": "sha256-G4W39k5hdu2kS13pi/RhyTOySAo7rmrs7yMUZRH0OZI=",
        "owner": "ryantm",
        "repo": "agenix",
        "rev": "08b9c96878b2f9974fc8bde048273265ad632357",
        "type": "github"
      },
      "original": {
        "owner": "ryantm",
        "repo": "agenix",
        "type": "github"
      }
    },
    "comma": {
      "inputs": {
        "flake-utils": "flake-utils",
        "nixpkgs": "nixpkgs"
      },
      "locked": {
        "lastModified": 1633988747,
        "narHash": "sha256-cpp48eKWSR4nA4rkNazgZYskI6mi8sejDjUfQ/Y5A9Q=",
        "owner": "jali-clarke",
        "repo": "comma",
        "rev": "c4a351a804c4b302dbb2a93e48b548ab6bb36f0e",
        "type": "github"
      },
      "original": {
        "owner": "jali-clarke",
        "ref": "flakify",
        "repo": "comma",
        "type": "github"
      }
    },
    "dotfiles": {
      "inputs": {
        "home-manager": "home-manager",
        "nixpkgs": [
          "nixpkgs"
        ]
      },
      "locked": {
        "lastModified": 1642310259,
        "narHash": "sha256-tnojF0Ft63UNYqIkKPeUH4IAZxGJV7/YtsztBTrsngc=",
        "owner": "jali-clarke",
        "repo": "dotfiles",
        "rev": "a8a087048c3102039a3b27fd1ad32e950caf407c",
        "type": "github"
      },
      "original": {
        "owner": "jali-clarke",
        "repo": "dotfiles",
        "type": "github"
      }
    },
    "flake-utils": {
      "locked": {
        "lastModified": 1631561581,
        "narHash": "sha256-3VQMV5zvxaVLvqqUrNz3iJelLw30mIVSfZmAaauM3dA=",
        "owner": "numtide",
        "repo": "flake-utils",
        "rev": "7e5bf3925f6fbdfaf50a2a7ca0be2879c4261d19",
        "type": "github"
      },
      "original": {
        "owner": "numtide",
        "repo": "flake-utils",
        "type": "github"
      }
    },
    "home-manager": {
      "inputs": {
        "nixpkgs": [
          "dotfiles",
          "nixpkgs"
        ]
      },
      "locked": {
        "lastModified": 1639871969,
        "narHash": "sha256-6feWUnMygRzA9tzkrfAzpA5/NBYg75bkFxnqb1DtD7E=",
        "owner": "nix-community",
        "repo": "home-manager",
        "rev": "697cc8c68ed6a606296efbbe9614c32537078756",
        "type": "github"
      },
      "original": {
        "owner": "nix-community",
        "ref": "release-21.11",
        "repo": "home-manager",
        "type": "github"
      }
    },
    "homelab-config": {
      "inputs": {
        "homelab-secrets": "homelab-secrets",
        "nixos-generators": "nixos-generators",
        "nixpkgs": "nixpkgs_4"
      },
      "locked": {
        "lastModified": 1642384644,
        "narHash": "sha256-aY5Wfrvhd3JkZUW8mjNnv+Ev4M4UdldURqjpgvlg22E=",
        "owner": "jali-clarke",
        "repo": "homelab-config",
        "rev": "373ff9a5a3c08823af75ab3ff23f48a0a141fb2c",
        "type": "github"
      },
      "original": {
        "owner": "jali-clarke",
        "ref": "weedle-known-good",
        "repo": "homelab-config",
        "type": "github"
      }
    },
    "homelab-secrets": {
      "inputs": {
        "agenix": "agenix",
        "nixpkgs": "nixpkgs_2"
      },
      "locked": {
        "lastModified": 1642381583,
        "narHash": "sha256-HnlgyvGElyh3y/00f2kPY11cb5j/64ffdDDQNkJU6n0=",
        "ref": "master",
        "rev": "b7b128dfd6aadab1c76aff1b1628024f8fd29ced",
        "revCount": 6,
        "type": "git",
        "url": "ssh://git@github.com/jali-clarke/homelab-secrets"
      },
      "original": {
        "type": "git",
        "url": "ssh://git@github.com/jali-clarke/homelab-secrets"
      }
    },
    "nixlib": {
      "locked": {
        "lastModified": 1624753224,
        "narHash": "sha256-ZUEcPzgU1w8ZYeEgfcpzeciYcZShQZbEfRN2tV+K2yQ=",
        "owner": "nix-community",
        "repo": "nixpkgs.lib",
        "rev": "7b4dc08734c5c4703b22b9c780417042e1c8f020",
        "type": "github"
      },
      "original": {
        "owner": "nix-community",
        "repo": "nixpkgs.lib",
        "type": "github"
      }
    },
    "nixos-generators": {
      "inputs": {
        "nixlib": "nixlib",
        "nixpkgs": "nixpkgs_3"
      },
      "locked": {
        "lastModified": 1631540431,
        "narHash": "sha256-pE1HceOp7lCdcbPGrKkVMlWWTwfQwj8NSg75w+32mdA=",
        "owner": "nix-community",
        "repo": "nixos-generators",
        "rev": "5f215d70a2f1b8bc58a48ecea1f0d025450f3ae3",
        "type": "github"
      },
      "original": {
        "owner": "nix-community",
        "repo": "nixos-generators",
        "type": "github"
      }
    },
    "nixpkgs": {
      "locked": {
        "lastModified": 1622516815,
        "narHash": "sha256-ZjBd81a6J3TwtlBr3rHsZspYUwT9OdhDk+a/SgSEf7I=",
        "owner": "NixOS",
        "repo": "nixpkgs",
        "rev": "7e9b0dff974c89e070da1ad85713ff3c20b0ca97",
        "type": "github"
      },
      "original": {
        "owner": "NixOS",
        "ref": "21.05",
        "repo": "nixpkgs",
        "type": "github"
      }
    },
    "nixpkgs_2": {
      "locked": {
        "lastModified": 1642373004,
        "narHash": "sha256-AZ1fTklT9OkLFtmZ8qMbQ2Uf1dF0+np3WjnTIIquApA=",
        "owner": "NixOS",
        "repo": "nixpkgs",
        "rev": "b13052a35a63e1ea9eba916ffe48886ab7af58ce",
        "type": "github"
      },
      "original": {
        "owner": "NixOS",
        "repo": "nixpkgs",
        "type": "github"
      }
    },
    "nixpkgs_3": {
      "locked": {
        "lastModified": 1619285658,
        "narHash": "sha256-GKbj/KKo8Z2WsEURFtWHbPI917NrUnD4H2J4lKUsSWI=",
        "owner": "NixOS",
        "repo": "nixpkgs",
        "rev": "118485230c02d13f62133bce43177ffd49495694",
        "type": "github"
      },
      "original": {
        "owner": "NixOS",
        "ref": "nixpkgs-unstable",
        "repo": "nixpkgs",
        "type": "github"
      }
    },
    "nixpkgs_4": {
      "locked": {
        "lastModified": 1638868208,
        "narHash": "sha256-f56OeS3//YMT8MNnb9plQUYgQpSRR3e4pah//d60m4o=",
        "owner": "nixos",
        "repo": "nixpkgs",
        "rev": "535c1e5a72e1bf15b71ed1a59de84a9ae7a0eb91",
        "type": "github"
      },
      "original": {
        "owner": "nixos",
        "repo": "nixpkgs",
        "rev": "535c1e5a72e1bf15b71ed1a59de84a9ae7a0eb91",
        "type": "github"
      }
    },
    "nixpkgs_5": {
      "locked": {
        "lastModified": 1632577659,
        "narHash": "sha256-86O8bpXulJinYgW/ub6D4QoCVf8LGkNLb6g548cr3DU=",
        "owner": "NixOS",
        "repo": "nixpkgs",
        "rev": "88aaa95bfe74a1bb24ade8bea9828aea90050d63",
        "type": "github"
      },
      "original": {
        "owner": "NixOS",
        "repo": "nixpkgs",
        "type": "github"
      }
    },
    "root": {
      "inputs": {
        "comma": "comma",
        "dotfiles": "dotfiles",
        "homelab-config": "homelab-config",
        "nixpkgs": "nixpkgs_5"
      }
    }
  },
  "root": "root",
  "version": 7
}
