{
  "nodes": {
    "comma": {
      "inputs": {
        "flake-utils": "flake-utils",
        "nixpkgs": "nixpkgs"
      },
      "locked": {
        "lastModified": 1633984644,
        "narHash": "sha256-vmGWPbSfdQ1NE+hx4Qr87VvAu93cwvFXUGc9FLlrcms=",
        "owner": "jali-clarke",
        "repo": "comma",
        "rev": "f0fe42a80735b17533440d09f1b74845343f7242",
        "type": "github"
      },
      "original": {
        "owner": "jali-clarke",
        "ref": "flakify",
        "repo": "comma",
        "type": "github"
      }
    },
    "flake-utils": {
      "locked": {
        "lastModified": 1631561581,
        "narHash": "sha256-3VQMV5zvxaVLvqqUrNz3iJelLw30mIVSfZmAaauM3dA=",
        "owner": "numtide",
        "repo": "flake-utils",
        "rev": "7e5bf3925f6fbdfaf50a2a7ca0be2879c4261d19",
        "type": "github"
      },
      "original": {
        "owner": "numtide",
        "repo": "flake-utils",
        "type": "github"
      }
    },
    "homelab-config": {
      "inputs": {
        "nixos-generators": "nixos-generators",
        "nixpkgs": "nixpkgs_3"
      },
      "locked": {
        "lastModified": 1631635595,
        "narHash": "sha256-KZzIZzuzccGuQWhetTLIXTECzslQ24utvHGEmOo1KGo=",
        "owner": "jali-clarke",
        "repo": "homelab-config",
        "rev": "379d38cd3309ffe8bbeef5fc43d485bee7bb281e",
        "type": "github"
      },
      "original": {
        "owner": "jali-clarke",
        "repo": "homelab-config",
        "type": "github"
      }
    },
    "nixos-generators": {
      "inputs": {
        "nixpkgs": "nixpkgs_2"
      },
      "locked": {
        "lastModified": 1613307374,
        "narHash": "sha256-iQh1DM1myNm5sTO8Jp3geYzQxMLr1hL6Yam8LHPZiJk=",
        "owner": "nix-community",
        "repo": "nixos-generators",
        "rev": "537b572d3ab1549b26801ba2d5fc023fab963747",
        "type": "github"
      },
      "original": {
        "owner": "nix-community",
        "repo": "nixos-generators",
        "type": "github"
      }
    },
    "nixpkgs": {
      "locked": {
        "lastModified": 1622516815,
        "narHash": "sha256-ZjBd81a6J3TwtlBr3rHsZspYUwT9OdhDk+a/SgSEf7I=",
        "owner": "NixOS",
        "repo": "nixpkgs",
        "rev": "7e9b0dff974c89e070da1ad85713ff3c20b0ca97",
        "type": "github"
      },
      "original": {
        "owner": "NixOS",
        "ref": "21.05",
        "repo": "nixpkgs",
        "type": "github"
      }
    },
    "nixpkgs_2": {
      "locked": {
        "lastModified": 1612916640,
        "narHash": "sha256-VqMq/cs+9Bcc/DY7JIXlRHvwg7xRqLSntscWcMCKg/8=",
        "owner": "NixOS",
        "repo": "nixpkgs",
        "rev": "66e66b9d481386f4c7a6b998f32ce794af0182ae",
        "type": "github"
      },
      "original": {
        "owner": "NixOS",
        "ref": "nixpkgs-unstable",
        "repo": "nixpkgs",
        "type": "github"
      }
    },
    "nixpkgs_3": {
      "locked": {
        "lastModified": 1615837777,
        "narHash": "sha256-yEkSjTDb6ZnAcIl2Ld+qibSTiaoUz5OZ9JpgZGzlY9k=",
        "owner": "nixos",
        "repo": "nixpkgs",
        "rev": "c00c67653a5008f926add91798c7cffa201aa2bb",
        "type": "github"
      },
      "original": {
        "owner": "nixos",
        "repo": "nixpkgs",
        "type": "github"
      }
    },
    "nixpkgs_4": {
      "locked": {
        "lastModified": 1632577659,
        "narHash": "sha256-86O8bpXulJinYgW/ub6D4QoCVf8LGkNLb6g548cr3DU=",
        "owner": "NixOS",
        "repo": "nixpkgs",
        "rev": "88aaa95bfe74a1bb24ade8bea9828aea90050d63",
        "type": "github"
      },
      "original": {
        "owner": "NixOS",
        "repo": "nixpkgs",
        "type": "github"
      }
    },
    "root": {
      "inputs": {
        "comma": "comma",
        "homelab-config": "homelab-config",
        "nixpkgs": "nixpkgs_4"
      }
    }
  },
  "root": "root",
  "version": 7
}
